
Microsoft Visual Studio Solution File, Format Version 12.00
# Visual Studio Version 17
VisualStudioVersion = 17.14.36202.13 d17.14
MinimumVisualStudioVersion = 10.0.40219.1
Project("{FAE04EC0-301F-11D3-BF4B-00C04F79EFBC}") = "Winda2.0", "Winda2.0\Winda2.0.csproj", "{37A91C2C-6F50-4FBB-A330-E03AA51D27CF}"
EndProject
Global
	GlobalSection(SolutionConfigurationPlatforms) = preSolution
		Debug|Any CPU = Debug|Any CPU
		Release|Any CPU = Release|Any CPU
	EndGlobalSection
	GlobalSection(ProjectConfigurationPlatforms) = postSolution
		{37A91C2C-6F50-4FBB-A330-E03AA51D27CF}.Debug|Any CPU.ActiveCfg = Debug|Any CPU
		{37A91C2C-6F50-4FBB-A330-E03AA51D27CF}.Debug|Any CPU.Build.0 = Debug|Any CPU
		{37A91C2C-6F50-4FBB-A330-E03AA51D27CF}.Release|Any CPU.ActiveCfg = Release|Any CPU
		{37A91C2C-6F50-4FBB-A330-E03AA51D27CF}.Release|Any CPU.Build.0 = Release|Any CPU
	EndGlobalSection
	GlobalSection(SolutionProperties) = preSolution
		HideSolutionNode = FALSE
	EndGlobalSection
	GlobalSection(ExtensibilityGlobals) = postSolution
		SolutionGuid = {288F1A02-64E2-4FF1-AFA9-1F2C132C8F3D}
	EndGlobalSection
EndGlobal
